Microsoft Visual Studio Solution File, Format Version 12.00
# Visual Studio 15
VisualStudioVersion = 15.0.27130.2024
MinimumVisualStudioVersion = 10.0.40219.1
Project("{FAE04EC0-301F-11D3-BF4B-00C04F79EFBC}") = "R440O", "R440O\R440O.csproj", "{E56E78C2-AF9A-4135-A229-B62E6D120B72}"
EndProject
Project("{FAE04EC0-301F-11D3-BF4B-00C04F79EFBC}") = "Retranslator", "Retranslator\Retranslator.csproj", "{1466F8EB-3858-488C-89D3-6CA616152D77}"
EndProject
Project("{FAE04EC0-301F-11D3-BF4B-00C04F79EFBC}") = "ShareTypes", "SignalTypes\ShareTypes.csproj", "{8A58034A-40D7-42C8-BFE9-C933D9493864}"
EndProject
Project("{FAE04EC0-301F-11D3-BF4B-00C04F79EFBC}") = "R440O.Test", "R440O.Test\R440O.Test.csproj", "{A9A4AC8C-773C-4DA7-BC38-584CEDC8A794}"
EndProject
Project("{FAE04EC0-301F-11D3-BF4B-00C04F79EFBC}") = "RetranslatorWPF", "RetranslatorWPF\RetranslatorWPF.csproj", "{E1185A92-4C51-4C7D-BE46-9B66F1986B28}"
EndProject
Project("{2150E333-8FDC-42A3-9474-1A3956D46DE8}") = "packages", "packages", "{D81D41B2-CA44-4C52-9DA2-C20632317835}"
EndProject
Project("{2150E333-8FDC-42A3-9474-1A3956D46DE8}") = "Json90r1", "Json90r1", "{84F11D68-614C-40CB-80C9-5A71B199E661}"
EndProject
Project("{2150E333-8FDC-42A3-9474-1A3956D46DE8}") = "Source", "Source", "{D473CADA-779A-4982-9084-3D88E9680871}"
EndProject
Project("{2150E333-8FDC-42A3-9474-1A3956D46DE8}") = "Src", "Src", "{97D9804B-97E7-426B-A3F0-1E192E0460E3}"
EndProject
Project("{9A19103F-16F7-4668-BE54-9A1E7A4F7556}") = "Newtonsoft.Json.Tests", "packages\Json90r1\Source\Src\Newtonsoft.Json.Tests\Newtonsoft.Json.Tests.csproj", "{A2613DDC-BC0F-44D6-AAAC-C78DA970958C}"
EndProject
Project("{9A19103F-16F7-4668-BE54-9A1E7A4F7556}") = "Newtonsoft.Json", "packages\Json90r1\Source\Src\Newtonsoft.Json\Newtonsoft.Json.csproj", "{5E4623D8-1253-44F0-9EDF-26F553D32427}"
EndProject
Global
	GlobalSection(SolutionConfigurationPlatforms) = preSolution
		Debug|Any CPU = Debug|Any CPU
		Debug|x64 = Debug|x64
		Debug|x86 = Debug|x86
		Release|Any CPU = Release|Any CPU
		Release|x64 = Release|x64
		Release|x86 = Release|x86
	EndGlobalSection
	GlobalSection(ProjectConfigurationPlatforms) = postSolution
		{E56E78C2-AF9A-4135-A229-B62E6D120B72}.Debug|Any CPU.ActiveCfg = Debug|Any CPU
		{E56E78C2-AF9A-4135-A229-B62E6D120B72}.Debug|Any CPU.Build.0 = Debug|Any CPU
		{E56E78C2-AF9A-4135-A229-B62E6D120B72}.Debug|x64.ActiveCfg = Debug|Any CPU
		{E56E78C2-AF9A-4135-A229-B62E6D120B72}.Debug|x64.Build.0 = Debug|Any CPU
		{E56E78C2-AF9A-4135-A229-B62E6D120B72}.Debug|x86.ActiveCfg = Debug|Any CPU
		{E56E78C2-AF9A-4135-A229-B62E6D120B72}.Debug|x86.Build.0 = Debug|Any CPU
		{E56E78C2-AF9A-4135-A229-B62E6D120B72}.Release|Any CPU.ActiveCfg = Release|Any CPU
		{E56E78C2-AF9A-4135-A229-B62E6D120B72}.Release|Any CPU.Build.0 = Release|Any CPU
		{E56E78C2-AF9A-4135-A229-B62E6D120B72}.Release|x64.ActiveCfg = Release|Any CPU
		{E56E78C2-AF9A-4135-A229-B62E6D120B72}.Release|x64.Build.0 = Release|Any CPU
		{E56E78C2-AF9A-4135-A229-B62E6D120B72}.Release|x86.ActiveCfg = Release|Any CPU
		{E56E78C2-AF9A-4135-A229-B62E6D120B72}.Release|x86.Build.0 = Release|Any CPU
		{1466F8EB-3858-488C-89D3-6CA616152D77}.Debug|Any CPU.ActiveCfg = Debug|Any CPU
		{1466F8EB-3858-488C-89D3-6CA616152D77}.Debug|Any CPU.Build.0 = Debug|Any CPU
		{1466F8EB-3858-488C-89D3-6CA616152D77}.Debug|x64.ActiveCfg = Debug|Any CPU
		{1466F8EB-3858-488C-89D3-6CA616152D77}.Debug|x64.Build.0 = Debug|Any CPU
		{1466F8EB-3858-488C-89D3-6CA616152D77}.Debug|x86.ActiveCfg = Debug|Any CPU
		{1466F8EB-3858-488C-89D3-6CA616152D77}.Debug|x86.Build.0 = Debug|Any CPU
		{1466F8EB-3858-488C-89D3-6CA616152D77}.Release|Any CPU.ActiveCfg = Release|Any CPU
		{1466F8EB-3858-488C-89D3-6CA616152D77}.Release|Any CPU.Build.0 = Release|Any CPU
		{1466F8EB-3858-488C-89D3-6CA616152D77}.Release|x64.ActiveCfg = Release|Any CPU
		{1466F8EB-3858-488C-89D3-6CA616152D77}.Release|x64.Build.0 = Release|Any CPU
		{1466F8EB-3858-488C-89D3-6CA616152D77}.Release|x86.ActiveCfg = Release|Any CPU
		{1466F8EB-3858-488C-89D3-6CA616152D77}.Release|x86.Build.0 = Release|Any CPU
		{8A58034A-40D7-42C8-BFE9-C933D9493864}.Debug|Any CPU.ActiveCfg = Debug|Any CPU
		{8A58034A-40D7-42C8-BFE9-C933D9493864}.Debug|Any CPU.Build.0 = Debug|Any CPU
		{8A58034A-40D7-42C8-BFE9-C933D9493864}.Debug|x64.ActiveCfg = Debug|Any CPU
		{8A58034A-40D7-42C8-BFE9-C933D9493864}.Debug|x64.Build.0 = Debug|Any CPU
		{8A58034A-40D7-42C8-BFE9-C933D9493864}.Debug|x86.ActiveCfg = Debug|Any CPU
		{8A58034A-40D7-42C8-BFE9-C933D9493864}.Debug|x86.Build.0 = Debug|Any CPU
		{8A58034A-40D7-42C8-BFE9-C933D9493864}.Release|Any CPU.ActiveCfg = Release|Any CPU
		{8A58034A-40D7-42C8-BFE9-C933D9493864}.Release|Any CPU.Build.0 = Release|Any CPU
		{8A58034A-40D7-42C8-BFE9-C933D9493864}.Release|x64.ActiveCfg = Release|Any CPU
		{8A58034A-40D7-42C8-BFE9-C933D9493864}.Release|x64.Build.0 = Release|Any CPU
		{8A58034A-40D7-42C8-BFE9-C933D9493864}.Release|x86.ActiveCfg = Release|Any CPU
		{8A58034A-40D7-42C8-BFE9-C933D9493864}.Release|x86.Build.0 = Release|Any CPU
		{A9A4AC8C-773C-4DA7-BC38-584CEDC8A794}.Debug|Any CPU.ActiveCfg = Debug|Any CPU
		{A9A4AC8C-773C-4DA7-BC38-584CEDC8A794}.Debug|Any CPU.Build.0 = Debug|Any CPU
		{A9A4AC8C-773C-4DA7-BC38-584CEDC8A794}.Debug|x64.ActiveCfg = Debug|Any CPU
		{A9A4AC8C-773C-4DA7-BC38-584CEDC8A794}.Debug|x64.Build.0 = Debug|Any CPU
		{A9A4AC8C-773C-4DA7-BC38-584CEDC8A794}.Debug|x86.ActiveCfg = Debug|Any CPU
		{A9A4AC8C-773C-4DA7-BC38-584CEDC8A794}.Debug|x86.Build.0 = Debug|Any CPU
		{A9A4AC8C-773C-4DA7-BC38-584CEDC8A794}.Release|Any CPU.ActiveCfg = Release|Any CPU
		{A9A4AC8C-773C-4DA7-BC38-584CEDC8A794}.Release|Any CPU.Build.0 = Release|Any CPU
		{A9A4AC8C-773C-4DA7-BC38-584CEDC8A794}.Release|x64.ActiveCfg = Release|Any CPU
		{A9A4AC8C-773C-4DA7-BC38-584CEDC8A794}.Release|x64.Build.0 = Release|Any CPU
		{A9A4AC8C-773C-4DA7-BC38-584CEDC8A794}.Release|x86.ActiveCfg = Release|Any CPU
		{A9A4AC8C-773C-4DA7-BC38-584CEDC8A794}.Release|x86.Build.0 = Release|Any CPU
		{E1185A92-4C51-4C7D-BE46-9B66F1986B28}.Debug|Any CPU.ActiveCfg = Debug|Any CPU
		{E1185A92-4C51-4C7D-BE46-9B66F1986B28}.Debug|Any CPU.Build.0 = Debug|Any CPU
		{E1185A92-4C51-4C7D-BE46-9B66F1986B28}.Debug|x64.ActiveCfg = Debug|Any CPU
		{E1185A92-4C51-4C7D-BE46-9B66F1986B28}.Debug|x64.Build.0 = Debug|Any CPU
		{E1185A92-4C51-4C7D-BE46-9B66F1986B28}.Debug|x86.ActiveCfg = Debug|Any CPU
		{E1185A92-4C51-4C7D-BE46-9B66F1986B28}.Debug|x86.Build.0 = Debug|Any CPU
		{E1185A92-4C51-4C7D-BE46-9B66F1986B28}.Release|Any CPU.ActiveCfg = Release|Any CPU
		{E1185A92-4C51-4C7D-BE46-9B66F1986B28}.Release|Any CPU.Build.0 = Release|Any CPU
		{E1185A92-4C51-4C7D-BE46-9B66F1986B28}.Release|x64.ActiveCfg = Release|Any CPU
		{E1185A92-4C51-4C7D-BE46-9B66F1986B28}.Release|x64.Build.0 = Release|Any CPU
		{E1185A92-4C51-4C7D-BE46-9B66F1986B28}.Release|x86.ActiveCfg = Release|Any CPU
		{E1185A92-4C51-4C7D-BE46-9B66F1986B28}.Release|x86.Build.0 = Release|Any CPU
		{A2613DDC-BC0F-44D6-AAAC-C78DA970958C}.Debug|Any CPU.ActiveCfg = Debug|Any CPU
		{A2613DDC-BC0F-44D6-AAAC-C78DA970958C}.Debug|Any CPU.Build.0 = Debug|Any CPU
		{A2613DDC-BC0F-44D6-AAAC-C78DA970958C}.Debug|x64.ActiveCfg = Debug|Any CPU
		{A2613DDC-BC0F-44D6-AAAC-C78DA970958C}.Debug|x64.Build.0 = Debug|Any CPU
		{A2613DDC-BC0F-44D6-AAAC-C78DA970958C}.Debug|x86.ActiveCfg = Debug|Any CPU
		{A2613DDC-BC0F-44D6-AAAC-C78DA970958C}.Debug|x86.Build.0 = Debug|Any CPU
		{A2613DDC-BC0F-44D6-AAAC-C78DA970958C}.Release|Any CPU.ActiveCfg = Release|Any CPU
		{A2613DDC-BC0F-44D6-AAAC-C78DA970958C}.Release|Any CPU.Build.0 = Release|Any CPU
		{A2613DDC-BC0F-44D6-AAAC-C78DA970958C}.Release|x64.ActiveCfg = Release|Any CPU
		{A2613DDC-BC0F-44D6-AAAC-C78DA970958C}.Release|x64.Build.0 = Release|Any CPU
		{A2613DDC-BC0F-44D6-AAAC-C78DA970958C}.Release|x86.ActiveCfg = Release|Any CPU
		{A2613DDC-BC0F-44D6-AAAC-C78DA970958C}.Release|x86.Build.0 = Release|Any CPU
		{5E4623D8-1253-44F0-9EDF-26F553D32427}.Debug|Any CPU.ActiveCfg = Debug|Any CPU
		{5E4623D8-1253-44F0-9EDF-26F553D32427}.Debug|Any CPU.Build.0 = Debug|Any CPU
		{5E4623D8-1253-44F0-9EDF-26F553D32427}.Debug|x64.ActiveCfg = Debug|Any CPU
		{5E4623D8-1253-44F0-9EDF-26F553D32427}.Debug|x64.Build.0 = Debug|Any CPU
		{5E4623D8-1253-44F0-9EDF-26F553D32427}.Debug|x86.ActiveCfg = Debug|Any CPU
		{5E4623D8-1253-44F0-9EDF-26F553D32427}.Debug|x86.Build.0 = Debug|Any CPU
		{5E4623D8-1253-44F0-9EDF-26F553D32427}.Release|Any CPU.ActiveCfg = Release|Any CPU
		{5E4623D8-1253-44F0-9EDF-26F553D32427}.Release|Any CPU.Build.0 = Release|Any CPU
		{5E4623D8-1253-44F0-9EDF-26F553D32427}.Release|x64.ActiveCfg = Release|Any CPU
		{5E4623D8-1253-44F0-9EDF-26F553D32427}.Release|x64.Build.0 = Release|Any CPU
		{5E4623D8-1253-44F0-9EDF-26F553D32427}.Release|x86.ActiveCfg = Release|Any CPU
		{5E4623D8-1253-44F0-9EDF-26F553D32427}.Release|x86.Build.0 = Release|Any CPU
	EndGlobalSection
	GlobalSection(SolutionProperties) = preSolution
		HideSolutionNode = FALSE
	EndGlobalSection
	GlobalSection(NestedProjects) = preSolution
		{84F11D68-614C-40CB-80C9-5A71B199E661} = {D81D41B2-CA44-4C52-9DA2-C20632317835}
		{D473CADA-779A-4982-9084-3D88E9680871} = {84F11D68-614C-40CB-80C9-5A71B199E661}
		{97D9804B-97E7-426B-A3F0-1E192E0460E3} = {D473CADA-779A-4982-9084-3D88E9680871}
		{A2613DDC-BC0F-44D6-AAAC-C78DA970958C} = {97D9804B-97E7-426B-A3F0-1E192E0460E3}
		{5E4623D8-1253-44F0-9EDF-26F553D32427} = {97D9804B-97E7-426B-A3F0-1E192E0460E3}
	EndGlobalSection
	GlobalSection(ExtensibilityGlobals) = postSolution
		SolutionGuid = {58B7CBB0-EE1C-4729-9788-3167FE7A5ACC}
	EndGlobalSection
EndGlobal
